Microsoft Visual Studio Solution File, Format Version 12.00
# Visual Studio Version 17
VisualStudioVersion = 17.8.0.0
MinimumVisualStudioVersion = 17.8.0.0
Project("{9A19103F-16F7-4668-BE54-9A1E7A4F7556}") = "LinkBlog.AppHost", "LinkBlog.AppHost\LinkBlog.AppHost.csproj", "{5F1E5F98-31A3-4389-B08D-6B4FC8FAEBF0}"
EndProject
Project("{9A19103F-16F7-4668-BE54-9A1E7A4F7556}") = "LinkBlog.ServiceDefaults", "LinkBlog.ServiceDefaults\LinkBlog.ServiceDefaults.csproj", "{2432D3CD-AC2E-402B-B4AA-BD20DC0BA6DD}"
EndProject
Project("{9A19103F-16F7-4668-BE54-9A1E7A4F7556}") = "LinkBlog.ApiService", "LinkBlog.ApiService\LinkBlog.ApiService.csproj", "{1D46329F-AA92-4848-A506-2B57D95A093C}"
EndProject
Project("{9A19103F-16F7-4668-BE54-9A1E7A4F7556}") = "LinkBlog.Web", "LinkBlog.Web\LinkBlog.Web.csproj", "{9B11F45A-3377-4652-86A3-B2D294E57E3A}"
EndProject
Global
	GlobalSection(SolutionConfigurationPlatforms) = preSolution
		Debug|Any CPU = Debug|Any CPU
		Release|Any CPU = Release|Any CPU
	EndGlobalSection
	GlobalSection(ProjectConfigurationPlatforms) = postSolution
		{5F1E5F98-31A3-4389-B08D-6B4FC8FAEBF0}.Debug|Any CPU.ActiveCfg = Debug|Any CPU
		{5F1E5F98-31A3-4389-B08D-6B4FC8FAEBF0}.Debug|Any CPU.Build.0 = Debug|Any CPU
		{5F1E5F98-31A3-4389-B08D-6B4FC8FAEBF0}.Release|Any CPU.ActiveCfg = Release|Any CPU
		{5F1E5F98-31A3-4389-B08D-6B4FC8FAEBF0}.Release|Any CPU.Build.0 = Release|Any CPU
		{2432D3CD-AC2E-402B-B4AA-BD20DC0BA6DD}.Debug|Any CPU.ActiveCfg = Debug|Any CPU
		{2432D3CD-AC2E-402B-B4AA-BD20DC0BA6DD}.Debug|Any CPU.Build.0 = Debug|Any CPU
		{2432D3CD-AC2E-402B-B4AA-BD20DC0BA6DD}.Release|Any CPU.ActiveCfg = Release|Any CPU
		{2432D3CD-AC2E-402B-B4AA-BD20DC0BA6DD}.Release|Any CPU.Build.0 = Release|Any CPU
		{1D46329F-AA92-4848-A506-2B57D95A093C}.Debug|Any CPU.ActiveCfg = Debug|Any CPU
		{1D46329F-AA92-4848-A506-2B57D95A093C}.Debug|Any CPU.Build.0 = Debug|Any CPU
		{1D46329F-AA92-4848-A506-2B57D95A093C}.Release|Any CPU.ActiveCfg = Release|Any CPU
		{1D46329F-AA92-4848-A506-2B57D95A093C}.Release|Any CPU.Build.0 = Release|Any CPU
		{9B11F45A-3377-4652-86A3-B2D294E57E3A}.Debug|Any CPU.ActiveCfg = Debug|Any CPU
		{9B11F45A-3377-4652-86A3-B2D294E57E3A}.Debug|Any CPU.Build.0 = Debug|Any CPU
		{9B11F45A-3377-4652-86A3-B2D294E57E3A}.Release|Any CPU.ActiveCfg = Release|Any CPU
		{9B11F45A-3377-4652-86A3-B2D294E57E3A}.Release|Any CPU.Build.0 = Release|Any CPU
	EndGlobalSection
	GlobalSection(SolutionProperties) = preSolution
		HideSolutionNode = FALSE
	EndGlobalSection
	GlobalSection(ExtensibilityGlobals) = postSolution
		SolutionGuid = {89DE4088-5F26-449B-B073-B4C1D8EBE2E2}
	EndGlobalSection
EndGlobal
